// !$*UTF8*$!
{
	archiveVersion = 1;
	classes = {
	};
	objectVersion = 46;
	objects = {

/* Begin PBXBuildFile section */
		4F2374DE1A8DDD0E00706DDB /* AppDelegate.swift in Sources */ = {isa = PBXBuildFile; fileRef = 4F2374DD1A8DDD0E00706DDB /* AppDelegate.swift */; };
		4F2374E01A8DDD0E00706DDB /* ViewController.swift in Sources */ = {isa = PBXBuildFile; fileRef = 4F2374DF1A8DDD0E00706DDB /* ViewController.swift */; };
		4F2374E31A8DDD0E00706DDB /* Main.storyboard in Resources */ = {isa = PBXBuildFile; fileRef = 4F2374E11A8DDD0E00706DDB /* Main.storyboard */; };
		4F2374E51A8DDD0E00706DDB /* Images.xcassets in Resources */ = {isa = PBXBuildFile; fileRef = 4F2374E41A8DDD0E00706DDB /* Images.xcassets */; };
		4F2374E81A8DDD0E00706DDB /* LaunchScreen.xib in Resources */ = {isa = PBXBuildFile; fileRef = 4F2374E61A8DDD0E00706DDB /* LaunchScreen.xib */; };
		4F2374F41A8DDD0E00706DDB /* PostcardTests.swift in Sources */ = {isa = PBXBuildFile; fileRef = 4F2374F31A8DDD0E00706DDB /* PostcardTests.swift */; };
/* End PBXBuildFile section */

/* Begin PBXContainerItemProxy section */
		4F2374EE1A8DDD0E00706DDB /* PBXContainerItemProxy */ = {
			isa = PBXContainerItemProxy;
			containerPortal = 4F2374D01A8DDD0D00706DDB /* Project object */;
			proxyType = 1;
			remoteGlobalIDString = 4F2374D71A8DDD0D00706DDB;
			remoteInfo = Postcard;
		};
/* End PBXContainerItemProxy section */

/* Begin PBXFileReference section */
		4F2374D81A8DDD0E00706DDB /* Postcard.app */ = {isa = PBXFileReference; explicitFileType = wrapper.application; includeInIndex = 0; path = Postcard.app; sourceTree = BUILT_PRODUCTS_DIR; };
		4F2374DC1A8DDD0E00706DDB /* Info.plist */ = {isa = PBXFileReference; lastKnownFileType = text.plist.xml; path = Info.plist; sourceTree = "<group>"; };
		4F2374DD1A8DDD0E00706DDB /* AppDelegate.swift */ = {isa = PBXFileReference; lastKnownFileType = sourcecode.swift; path = AppDelegate.swift; sourceTree = "<group>"; };
		4F2374DF1A8DDD0E00706DDB /* ViewController.swift */ = {isa = PBXFileReference; lastKnownFileType = sourcecode.swift; path = ViewController.swift; sourceTree = "<group>"; };
		4F2374E21A8DDD0E00706DDB /* Base */ = {isa = PBXFileReference; lastKnownFileType = file.storyboard; name = Base; path = Base.lproj/Main.storyboard; sourceTree = "<group>"; };
		4F2374E41A8DDD0E00706DDB /* Images.xcassets */ = {isa = PBXFileReference; lastKnownFileType = folder.assetcatalog; path = Images.xcassets; sourceTree = "<group>"; };
		4F2374E71A8DDD0E00706DDB /* Base */ = {isa = PBXFileReference; lastKnownFileType = file.xib; name = Base; path = Base.lproj/LaunchScreen.xib; sourceTree = "<group>"; };
		4F2374ED1A8DDD0E00706DDB /* PostcardTests.xctest */ = {isa = PBXFileReference; explicitFileType = wrapper.cfbundle; includeInIndex = 0; path = PostcardTests.xctest; sourceTree = BUILT_PRODUCTS_DIR; };
		4F2374F21A8DDD0E00706DDB /* Info.plist */ = {isa = PBXFileReference; lastKnownFileType = text.plist.xml; path = Info.plist; sourceTree = "<group>"; };
		4F2374F31A8DDD0E00706DDB /* PostcardTests.swift */ = {isa = PBXFileReference; lastKnownFileType = sourcecode.swift; path = PostcardTests.swift; sourceTree = "<group>"; };
/* End PBXFileReference section */

/* Begin PBXFrameworksBuildPhase section */
		4F2374D51A8DDD0D00706DDB /* Frameworks */ = {
			isa = PBXFrameworksBuildPhase;
			buildActionMask = 2147483647;
			files = (
			);
			runOnlyForDeploymentPostprocessing = 0;
		};
		4F2374EA1A8DDD0E00706DDB /* Frameworks */ = {
			isa = PBXFrameworksBuildPhase;
			buildActionMask = 2147483647;
			files = (
			);
			runOnlyForDeploymentPostprocessing = 0;
		};
/* End PBXFrameworksBuildPhase section */

/* Begin PBXGroup section */
		4F2374CF1A8DDD0D00706DDB = {
			isa = PBXGroup;
			children = (
				4F2374DA1A8DDD0E00706DDB /* Postcard */,
				4F2374F01A8DDD0E00706DDB /* PostcardTests */,
				4F2374D91A8DDD0E00706DDB /* Products */,
			);
			sourceTree = "<group>";
		};
		4F2374D91A8DDD0E00706DDB /* Products */ = {
			isa = PBXGroup;
			children = (
				4F2374D81A8DDD0E00706DDB /* Postcard.app */,
				4F2374ED1A8DDD0E00706DDB /* PostcardTests.xctest */,
			);
			name = Products;
			sourceTree = "<group>";
		};
		4F2374DA1A8DDD0E00706DDB /* Postcard */ = {
			isa = PBXGroup;
			children = (
				4F2374DD1A8DDD0E00706DDB /* AppDelegate.swift */,
				4F2374DF1A8DDD0E00706DDB /* ViewController.swift */,
				4F2374E11A8DDD0E00706DDB /* Main.storyboard */,
				4F2374E41A8DDD0E00706DDB /* Images.xcassets */,
				4F2374E61A8DDD0E00706DDB /* LaunchScreen.xib */,
				4F2374DB1A8DDD0E00706DDB /* Supporting Files */,
			);
			path = Postcard;
			sourceTree = "<group>";
		};
		4F2374DB1A8DDD0E00706DDB /* Supporting Files */ = {
			isa = PBXGroup;
			children = (
				4F2374DC1A8DDD0E00706DDB /* Info.plist */,
			);
			name = "Supporting Files";
			sourceTree = "<group>";
		};
		4F2374F01A8DDD0E00706DDB /* PostcardTests */ = {
			isa = PBXGroup;
			children = (
				4F2374F31A8DDD0E00706DDB /* PostcardTests.swift */,
				4F2374F11A8DDD0E00706DDB /* Supporting Files */,
			);
			path = PostcardTests;
			sourceTree = "<group>";
		};
		4F2374F11A8DDD0E00706DDB /* Supporting Files */ = {
			isa = PBXGroup;
			children = (
				4F2374F21A8DDD0E00706DDB /* Info.plist */,
			);
			name = "Supporting Files";
			sourceTree = "<group>";
		};
/* End PBXGroup section */

/* Begin PBXNativeTarget section */
		4F2374D71A8DDD0D00706DDB /* Postcard */ = {
			isa = PBXNativeTarget;
			buildConfigurationList = 4F2374F71A8DDD0E00706DDB /* Build configuration list for PBXNativeTarget "Postcard" */;
			buildPhases = (
				4F2374D41A8DDD0D00706DDB /* Sources */,
				4F2374D51A8DDD0D00706DDB /* Frameworks */,
				4F2374D61A8DDD0D00706DDB /* Resources */,
			);
			buildRules = (
			);
			dependencies = (
			);
			name = Postcard;
			productName = Postcard;
			productReference = 4F2374D81A8DDD0E00706DDB /* Postcard.app */;
			productType = "com.apple.product-type.application";
		};
		4F2374EC1A8DDD0E00706DDB /* PostcardTests */ = {
			isa = PBXNativeTarget;
			buildConfigurationList = 4F2374FA1A8DDD0E00706DDB /* Build configuration list for PBXNativeTarget "PostcardTests" */;
			buildPhases = (
				4F2374E91A8DDD0E00706DDB /* Sources */,
				4F2374EA1A8DDD0E00706DDB /* Frameworks */,
				4F2374EB1A8DDD0E00706DDB /* Resources */,
			);
			buildRules = (
			);
			dependencies = (
				4F2374EF1A8DDD0E00706DDB /* PBXTargetDependency */,
			);
			name = PostcardTests;
			productName = PostcardTests;
			productReference = 4F2374ED1A8DDD0E00706DDB /* PostcardTests.xctest */;
			productType = "com.apple.product-type.bundle.unit-test";
		};
/* End PBXNativeTarget section */

/* Begin PBXProject section */
		4F2374D01A8DDD0D00706DDB /* Project object */ = {
			isa = PBXProject;
			attributes = {
				LastUpgradeCheck = 0610;
				ORGANIZATIONNAME = "Arnab Sinha";
				TargetAttributes = {
					4F2374D71A8DDD0D00706DDB = {
						CreatedOnToolsVersion = 6.1.1;
					};
					4F2374EC1A8DDD0E00706DDB = {
						CreatedOnToolsVersion = 6.1.1;
						TestTargetID = 4F2374D71A8DDD0D00706DDB;
					};
				};
			};
			buildConfigurationList = 4F2374D31A8DDD0D00706DDB /* Build configuration list for PBXProject "Postcard" */;
			compatibilityVersion = "Xcode 3.2";
			developmentRegion = English;
			hasScannedForEncodings = 0;
			knownRegions = (
				en,
				Base,
			);
			mainGroup = 4F2374CF1A8DDD0D00706DDB;
			productRefGroup = 4F2374D91A8DDD0E00706DDB /* Products */;
			projectDirPath = "";
			projectRoot = "";
			targets = (
				4F2374D71A8DDD0D00706DDB /* Postcard */,
				4F2374EC1A8DDD0E00706DDB /* PostcardTests */,
			);
		};
/* End PBXProject section */

/* Begin PBXResourcesBuildPhase section */
		4F2374D61A8DDD0D00706DDB /* Resources */ = {
			isa = PBXResourcesBuildPhase;
			buildActionMask = 2147483647;
			files = (
				4F2374E31A8DDD0E00706DDB /* Main.storyboard in Resources */,
				4F2374E81A8DDD0E00706DDB /* LaunchScreen.xib in Resources */,
				4F2374E51A8DDD0E00706DDB /* Images.xcassets in Resources */,
			);
			runOnlyForDeploymentPostprocessing = 0;
		};
		4F2374EB1A8DDD0E00706DDB /* Resources */ = {
			isa = PBXResourcesBuildPhase;
			buildActionMask = 2147483647;
			files = (
			);
			runOnlyForDeploymentPostprocessing = 0;
		};
/* End PBXResourcesBuildPhase section */

/* Begin PBXSourcesBuildPhase section */
		4F2374D41A8DDD0D00706DDB /* Sources */ = {
			isa = PBXSourcesBuildPhase;
			buildActionMask = 2147483647;
			files = (
				4F2374E01A8DDD0E00706DDB /* ViewController.swift in Sources */,
				4F2374DE1A8DDD0E00706DDB /* AppDelegate.swift in Sources */,
			);
			runOnlyForDeploymentPostprocessing = 0;
		};
		4F2374E91A8DDD0E00706DDB /* Sources */ = {
			isa = PBXSourcesBuildPhase;
			buildActionMask = 2147483647;
			files = (
				4F2374F41A8DDD0E00706DDB /* PostcardTests.swift in Sources */,
			);
			runOnlyForDeploymentPostprocessing = 0;
		};
/* End PBXSourcesBuildPhase section */

/* Begin PBXTargetDependency section */
		4F2374EF1A8DDD0E00706DDB /* PBXTargetDependency */ = {
			isa = PBXTargetDependency;
			target = 4F2374D71A8DDD0D00706DDB /* Postcard */;
			targetProxy = 4F2374EE1A8DDD0E00706DDB /* PBXContainerItemProxy */;
		};
/* End PBXTargetDependency section */

/* Begin PBXVariantGroup section */
		4F2374E11A8DDD0E00706DDB /* Main.storyboard */ = {
			isa = PBXVariantGroup;
			children = (
				4F2374E21A8DDD0E00706DDB /* Base */,
			);
			name = Main.storyboard;
			sourceTree = "<group>";
		};
		4F2374E61A8DDD0E00706DDB /* LaunchScreen.xib */ = {
			isa = PBXVariantGroup;
			children = (
				4F2374E71A8DDD0E00706DDB /* Base */,
			);
			name = LaunchScreen.xib;
			sourceTree = "<group>";
		};
/* End PBXVariantGroup section */

/* Begin XCBuildConfiguration section */
		4F2374F51A8DDD0E00706DDB /* Debug */ = {
			isa = XCBuildConfiguration;
			buildSettings = {
				ALWAYS_SEARCH_USER_PATHS = NO;
				CLANG_CXX_LANGUAGE_STANDARD = "gnu++0x";
				CLANG_CXX_LIBRARY = "libc++";
				CLANG_ENABLE_MODULES = YES;
				CLANG_ENABLE_OBJC_ARC = YES;
				CLANG_WARN_BOOL_CONVERSION = YES;
				CLANG_WARN_CONSTANT_CONVERSION = YES;
				CLANG_WARN_DIRECT_OBJC_ISA_USAGE = YES_ERROR;
				CLANG_WARN_EMPTY_BODY = YES;
				CLANG_WARN_ENUM_CONVERSION = YES;
				CLANG_WARN_INT_CONVERSION = YES;
				CLANG_WARN_OBJC_ROOT_CLASS = YES_ERROR;
				CLANG_WARN_UNREACHABLE_CODE = YES;
				CLANG_WARN__DUPLICATE_METHOD_MATCH = YES;
				"CODE_SIGN_IDENTITY[sdk=iphoneos*]" = "iPhone Developer";
				COPY_PHASE_STRIP = NO;
				ENABLE_STRICT_OBJC_MSGSEND = YES;
				GCC_C_LANGUAGE_STANDARD = gnu99;
				GCC_DYNAMIC_NO_PIC = NO;
				GCC_OPTIMIZATION_LEVEL = 0;
				GCC_PREPROCESSOR_DEFINITIONS = (
					"DEBUG=1",
					"$(inherited)",
				);
				GCC_SYMBOLS_PRIVATE_EXTERN = NO;
				GCC_WARN_64_TO_32_BIT_CONVERSION = YES;
				GCC_WARN_ABOUT_RETURN_TYPE = YES_ERROR;
				GCC_WARN_UNDECLARED_SELECTOR = YES;
				GCC_WARN_UNINITIALIZED_AUTOS = YES_AGGRESSIVE;
				GCC_WARN_UNUSED_FUNCTION = YES;
				GCC_WARN_UNUSED_VARIABLE = YES;
				IPHONEOS_DEPLOYMENT_TARGET = 8.1;
				MTL_ENABLE_DEBUG_INFO = YES;
				ONLY_ACTIVE_ARCH = YES;
				SDKROOT = iphoneos;
				SWIFT_OPTIMIZATION_LEVEL = "-Onone";
				TARGETED_DEVICE_FAMILY = "1,2";
			};
			name = Debug;
		};
		4F2374F61A8DDD0E00706DDB /* Release */ = {
			isa = XCBuildConfiguration;
			buildSettings = {
				ALWAYS_SEARCH_USER_PATHS = NO;
				CLANG_CXX_LANGUAGE_STANDARD = "gnu++0x";
				CLANG_CXX_LIBRARY = "libc++";
				CLANG_ENABLE_MODULES = YES;
				CLANG_ENABLE_OBJC_ARC = YES;
				CLANG_WARN_BOOL_CONVERSION = YES;
				CLANG_WARN_CONSTANT_CONVERSION = YES;
				CLANG_WARN_DIRECT_OBJC_ISA_USAGE = YES_ERROR;
				CLANG_WARN_EMPTY_BODY = YES;
				CLANG_WARN_ENUM_CONVERSION = YES;
				CLANG_WARN_INT_CONVERSION = YES;
				CLANG_WARN_OBJC_ROOT_CLASS = YES_ERROR;
				CLANG_WARN_UNREACHABLE_CODE = YES;
				CLANG_WARN__DUPLICATE_METHOD_MATCH = YES;
				"CODE_SIGN_IDENTITY[sdk=iphoneos*]" = "iPhone Developer";
				COPY_PHASE_STRIP = YES;
				ENABLE_NS_ASSERTIONS = NO;
				ENABLE_STRICT_OBJC_MSGSEND = YES;
				GCC_C_LANGUAGE_STANDARD = gnu99;
				GCC_WARN_64_TO_32_BIT_CONVERSION = YES;
				GCC_WARN_ABOUT_RETURN_TYPE = YES_ERROR;
				GCC_WARN_UNDECLARED_SELECTOR = YES;
				GCC_WARN_UNINITIALIZED_AUTOS = YES_AGGRESSIVE;
				GCC_WARN_UNUSED_FUNCTION = YES;
				GCC_WARN_UNUSED_VARIABLE = YES;
				IPHONEOS_DEPLOYMENT_TARGET = 8.1;
				MTL_ENABLE_DEBUG_INFO = NO;
				SDKROOT = iphoneos;
				TARGETED_DEVICE_FAMILY = "1,2";
				VALIDATE_PRODUCT = YES;
			};
			name = Release;
		};
		4F2374F81A8DDD0E00706DDB /* Debug */ = {
			isa = XCBuildConfiguration;
			buildSettings = {
				ASSETCATALOG_COMPILER_APPICON_NAME = AppIcon;
				INFOPLIST_FILE = Postcard/Info.plist;
				LD_RUNPATH_SEARCH_PATHS = "$(inherited) @executable_path/Frameworks";
				PRODUCT_NAME = "$(TARGET_NAME)";
			};
			name = Debug;
		};
		4F2374F91A8DDD0E00706DDB /* Release */ = {
			isa = XCBuildConfiguration;
			buildSettings = {
				ASSETCATALOG_COMPILER_APPICON_NAME = AppIcon;
				INFOPLIST_FILE = Postcard/Info.plist;
				LD_RUNPATH_SEARCH_PATHS = "$(inherited) @executable_path/Frameworks";
				PRODUCT_NAME = "$(TARGET_NAME)";
			};
			name = Release;
		};
		4F2374FB1A8DDD0E00706DDB /* Debug */ = {
			isa = XCBuildConfiguration;
			buildSettings = {
				BUNDLE_LOADER = "$(TEST_HOST)";
				FRAMEWORK_SEARCH_PATHS = (
					"$(SDKROOT)/Developer/Library/Frameworks",
					"$(inherited)",
				);
				GCC_PREPROCESSOR_DEFINITIONS = (
					"DEBUG=1",
					"$(inherited)",
				);
				INFOPLIST_FILE = PostcardTests/Info.plist;
				LD_RUNPATH_SEARCH_PATHS = "$(inherited) @executable_path/Frameworks @loader_path/Frameworks";
				PRODUCT_NAME = "$(TARGET_NAME)";
				TEST_HOST = "$(BUILT_PRODUCTS_DIR)/Postcard.app/Postcard";
			};
			name = Debug;
		};
		4F2374FC1A8DDD0E00706DDB /* Release */ = {
			isa = XCBuildConfiguration;
			buildSettings = {
				BUNDLE_LOADER = "$(TEST_HOST)";
				FRAMEWORK_SEARCH_PATHS = (
					"$(SDKROOT)/Developer/Library/Frameworks",
					"$(inherited)",
				);
				INFOPLIST_FILE = PostcardTests/Info.plist;
				LD_RUNPATH_SEARCH_PATHS = "$(inherited) @executable_path/Frameworks @loader_path/Frameworks";
				PRODUCT_NAME = "$(TARGET_NAME)";
				TEST_HOST = "$(BUILT_PRODUCTS_DIR)/Postcard.app/Postcard";
			};
			name = Release;
		};
/* End XCBuildConfiguration section */

/* Begin XCConfigurationList section */
		4F2374D31A8DDD0D00706DDB /* Build configuration list for PBXProject "Postcard" */ = {
			isa = XCConfigurationList;
			buildConfigurations = (
				4F2374F51A8DDD0E00706DDB /* Debug */,
				4F2374F61A8DDD0E00706DDB /* Release */,
			);
			defaultConfigurationIsVisible = 0;
			defaultConfigurationName = Release;
		};
		4F2374F71A8DDD0E00706DDB /* Build configuration list for PBXNativeTarget "Postcard" */ = {
			isa = XCConfigurationList;
			buildConfigurations = (
				4F2374F81A8DDD0E00706DDB /* Debug */,
				4F2374F91A8DDD0E00706DDB /* Release */,
			);
			defaultConfigurationIsVisible = 0;
		};
		4F2374FA1A8DDD0E00706DDB /* Build configuration list for PBXNativeTarget "PostcardTests" */ = {
			isa = XCConfigurationList;
			buildConfigurations = (
				4F2374FB1A8DDD0E00706DDB /* Debug */,
				4F2374FC1A8DDD0E00706DDB /* Release */,
			);
			defaultConfigurationIsVisible = 0;
		};
/* End XCConfigurationList section */
	};
	rootObject = 4F2374D01A8DDD0D00706DDB /* Project object */;
}
